
Microsoft Visual Studio Solution File, Format Version 12.00
# Visual Studio Version 16
VisualStudioVersion = 16.0.29215.179
MinimumVisualStudioVersion = 10.0.40219.1
Project("{8BC9CEB8-8B4A-11D0-8D11-00A0C91BC942}") = "Link", "Link.vcxproj", "{6334262F-75EA-4F7C-BDA3-20A3C1DE8A97}"
EndProject
Project("{8BC9CEB8-8B4A-11D0-8D11-00A0C91BC942}") = "LinkListApp", "..\LinkListApp\LinkListApp.vcxproj", "{620E79A3-E5F6-43B0-9D3E-6778A7A25F13}"
EndProject
Global
	GlobalSection(SolutionConfigurationPlatforms) = preSolution
		Debug|x64 = Debug|x64
		Debug|x86 = Debug|x86
		Release|x64 = Release|x64
		Release|x86 = Release|x86
	EndGlobalSection
	GlobalSection(ProjectConfigurationPlatforms) = postSolution
		{6334262F-75EA-4F7C-BDA3-20A3C1DE8A97}.Debug|x64.ActiveCfg = Debug|x64
		{6334262F-75EA-4F7C-BDA3-20A3C1DE8A97}.Debug|x64.Build.0 = Debug|x64
		{6334262F-75EA-4F7C-BDA3-20A3C1DE8A97}.Debug|x86.ActiveCfg = Debug|Win32
		{6334262F-75EA-4F7C-BDA3-20A3C1DE8A97}.Debug|x86.Build.0 = Debug|Win32
		{6334262F-75EA-4F7C-BDA3-20A3C1DE8A97}.Release|x64.ActiveCfg = Release|x64
		{6334262F-75EA-4F7C-BDA3-20A3C1DE8A97}.Release|x64.Build.0 = Release|x64
		{6334262F-75EA-4F7C-BDA3-20A3C1DE8A97}.Release|x86.ActiveCfg = Release|Win32
		{6334262F-75EA-4F7C-BDA3-20A3C1DE8A97}.Release|x86.Build.0 = Release|Win32
		{620E79A3-E5F6-43B0-9D3E-6778A7A25F13}.Debug|x64.ActiveCfg = Debug|x64
		{620E79A3-E5F6-43B0-9D3E-6778A7A25F13}.Debug|x64.Build.0 = Debug|x64
		{620E79A3-E5F6-43B0-9D3E-6778A7A25F13}.Debug|x86.ActiveCfg = Debug|Win32
		{620E79A3-E5F6-43B0-9D3E-6778A7A25F13}.Debug|x86.Build.0 = Debug|Win32
		{620E79A3-E5F6-43B0-9D3E-6778A7A25F13}.Release|x64.ActiveCfg = Release|x64
		{620E79A3-E5F6-43B0-9D3E-6778A7A25F13}.Release|x64.Build.0 = Release|x64
		{620E79A3-E5F6-43B0-9D3E-6778A7A25F13}.Release|x86.ActiveCfg = Release|Win32
		{620E79A3-E5F6-43B0-9D3E-6778A7A25F13}.Release|x86.Build.0 = Release|Win32
	EndGlobalSection
	GlobalSection(SolutionProperties) = preSolution
		HideSolutionNode = FALSE
	EndGlobalSection
	GlobalSection(ExtensibilityGlobals) = postSolution
		SolutionGuid = {D4BE25EF-0F55-4F04-888A-6B65512BF2A5}
	EndGlobalSection
EndGlobal
