
Microsoft Visual Studio Solution File, Format Version 12.00
# Visual Studio Version 16
VisualStudioVersion = 16.0.29411.108
MinimumVisualStudioVersion = 10.0.40219.1
Project("{8BC9CEB8-8B4A-11D0-8D11-00A0C91BC942}") = "GenericLinkList", "GenericLinkList.vcxproj", "{8C4724BD-69B6-4213-B43F-AF6578961935}"
EndProject
Project("{8BC9CEB8-8B4A-11D0-8D11-00A0C91BC942}") = "GenLinkList", "..\GenLinkList\GenLinkList.vcxproj", "{3D76AA50-699B-4149-8D82-326488050C19}"
EndProject
Project("{8BC9CEB8-8B4A-11D0-8D11-00A0C91BC942}") = "Students", "..\Students\Students.vcxproj", "{5D4BE454-4B6A-4F24-AA49-31169EC208B6}"
EndProject
Global
	GlobalSection(SolutionConfigurationPlatforms) = preSolution
		Debug|x64 = Debug|x64
		Debug|x86 = Debug|x86
		Release|x64 = Release|x64
		Release|x86 = Release|x86
	EndGlobalSection
	GlobalSection(ProjectConfigurationPlatforms) = postSolution
		{8C4724BD-69B6-4213-B43F-AF6578961935}.Debug|x64.ActiveCfg = Debug|x64
		{8C4724BD-69B6-4213-B43F-AF6578961935}.Debug|x64.Build.0 = Debug|x64
		{8C4724BD-69B6-4213-B43F-AF6578961935}.Debug|x86.ActiveCfg = Debug|Win32
		{8C4724BD-69B6-4213-B43F-AF6578961935}.Debug|x86.Build.0 = Debug|Win32
		{8C4724BD-69B6-4213-B43F-AF6578961935}.Release|x64.ActiveCfg = Release|x64
		{8C4724BD-69B6-4213-B43F-AF6578961935}.Release|x64.Build.0 = Release|x64
		{8C4724BD-69B6-4213-B43F-AF6578961935}.Release|x86.ActiveCfg = Release|Win32
		{8C4724BD-69B6-4213-B43F-AF6578961935}.Release|x86.Build.0 = Release|Win32
		{3D76AA50-699B-4149-8D82-326488050C19}.Debug|x64.ActiveCfg = Debug|x64
		{3D76AA50-699B-4149-8D82-326488050C19}.Debug|x64.Build.0 = Debug|x64
		{3D76AA50-699B-4149-8D82-326488050C19}.Debug|x86.ActiveCfg = Debug|Win32
		{3D76AA50-699B-4149-8D82-326488050C19}.Debug|x86.Build.0 = Debug|Win32
		{3D76AA50-699B-4149-8D82-326488050C19}.Release|x64.ActiveCfg = Release|x64
		{3D76AA50-699B-4149-8D82-326488050C19}.Release|x64.Build.0 = Release|x64
		{3D76AA50-699B-4149-8D82-326488050C19}.Release|x86.ActiveCfg = Release|Win32
		{3D76AA50-699B-4149-8D82-326488050C19}.Release|x86.Build.0 = Release|Win32
		{5D4BE454-4B6A-4F24-AA49-31169EC208B6}.Debug|x64.ActiveCfg = Debug|x64
		{5D4BE454-4B6A-4F24-AA49-31169EC208B6}.Debug|x64.Build.0 = Debug|x64
		{5D4BE454-4B6A-4F24-AA49-31169EC208B6}.Debug|x86.ActiveCfg = Debug|Win32
		{5D4BE454-4B6A-4F24-AA49-31169EC208B6}.Debug|x86.Build.0 = Debug|Win32
		{5D4BE454-4B6A-4F24-AA49-31169EC208B6}.Release|x64.ActiveCfg = Release|x64
		{5D4BE454-4B6A-4F24-AA49-31169EC208B6}.Release|x64.Build.0 = Release|x64
		{5D4BE454-4B6A-4F24-AA49-31169EC208B6}.Release|x86.ActiveCfg = Release|Win32
		{5D4BE454-4B6A-4F24-AA49-31169EC208B6}.Release|x86.Build.0 = Release|Win32
	EndGlobalSection
	GlobalSection(SolutionProperties) = preSolution
		HideSolutionNode = FALSE
	EndGlobalSection
	GlobalSection(ExtensibilityGlobals) = postSolution
		SolutionGuid = {DE9EEEAD-1237-4E50-918E-14FA62B6886B}
	EndGlobalSection
EndGlobal
