
Microsoft Visual Studio Solution File, Format Version 12.00
# Visual Studio Version 16
VisualStudioVersion = 16.0.29613.14
MinimumVisualStudioVersion = 10.0.40219.1
Project("{8BC9CEB8-8B4A-11D0-8D11-00A0C91BC942}") = "Assignment_4", "Assignment_4\Assignment_4.vcxproj", "{8A45F521-6D94-42FE-A502-D02AC7C0833F}"
EndProject
Global
	GlobalSection(SolutionConfigurationPlatforms) = preSolution
		Debug|x64 = Debug|x64
		Debug|x86 = Debug|x86
		Release|x64 = Release|x64
		Release|x86 = Release|x86
	EndGlobalSection
	GlobalSection(ProjectConfigurationPlatforms) = postSolution
		{8A45F521-6D94-42FE-A502-D02AC7C0833F}.Debug|x64.ActiveCfg = Debug|x64
		{8A45F521-6D94-42FE-A502-D02AC7C0833F}.Debug|x64.Build.0 = Debug|x64
		{8A45F521-6D94-42FE-A502-D02AC7C0833F}.Debug|x86.ActiveCfg = Debug|Win32
		{8A45F521-6D94-42FE-A502-D02AC7C0833F}.Debug|x86.Build.0 = Debug|Win32
		{8A45F521-6D94-42FE-A502-D02AC7C0833F}.Release|x64.ActiveCfg = Release|x64
		{8A45F521-6D94-42FE-A502-D02AC7C0833F}.Release|x64.Build.0 = Release|x64
		{8A45F521-6D94-42FE-A502-D02AC7C0833F}.Release|x86.ActiveCfg = Release|Win32
		{8A45F521-6D94-42FE-A502-D02AC7C0833F}.Release|x86.Build.0 = Release|Win32
	EndGlobalSection
	GlobalSection(SolutionProperties) = preSolution
		HideSolutionNode = FALSE
	EndGlobalSection
	GlobalSection(ExtensibilityGlobals) = postSolution
		SolutionGuid = {94DC658A-4630-4EA8-B363-67A98BA9ECB7}
	EndGlobalSection
EndGlobal
